
Microsoft Visual Studio Solution File, Format Version 12.00
Project("{FAE04EC0-301F-11D3-BF4B-00C04F79EFBC}") = "LibraryManagementSystemApp", "LibraryManagementSystemApp\LibraryManagementSystemApp.csproj", "{DA7CCECD-F02D-4302-8211-08957413A696}"
EndProject
Global
	GlobalSection(SolutionConfigurationPlatforms) = preSolution
		Debug|Any CPU = Debug|Any CPU
		Release|Any CPU = Release|Any CPU
	EndGlobalSection
	GlobalSection(ProjectConfigurationPlatforms) = postSolution
		{DA7CCECD-F02D-4302-8211-08957413A696}.Debug|Any CPU.ActiveCfg = Debug|Any CPU
		{DA7CCECD-F02D-4302-8211-08957413A696}.Debug|Any CPU.Build.0 = Debug|Any CPU
		{DA7CCECD-F02D-4302-8211-08957413A696}.Release|Any CPU.ActiveCfg = Release|Any CPU
		{DA7CCECD-F02D-4302-8211-08957413A696}.Release|Any CPU.Build.0 = Release|Any CPU
	EndGlobalSection
EndGlobal
